// !$*UTF8*$!
{
	archiveVersion = 1;
	classes = {
	};
	objectVersion = 56;
	objects = {

/* Begin PBXBuildFile section */
		8392FDF028FE86F4009DED2E /* AppDelegate.swift in Sources */ = {isa = PBXBuildFile; fileRef = 8392FDEF28FE86F4009DED2E /* AppDelegate.swift */; };
		8392FDF228FE86F4009DED2E /* SceneDelegate.swift in Sources */ = {isa = PBXBuildFile; fileRef = 8392FDF128FE86F4009DED2E /* SceneDelegate.swift */; };
		8392FDF428FE86F4009DED2E /* ContactInfoViewController.swift in Sources */ = {isa = PBXBuildFile; fileRef = 8392FDF328FE86F4009DED2E /* ContactInfoViewController.swift */; };
		8392FDF728FE86F4009DED2E /* Main.storyboard in Resources */ = {isa = PBXBuildFile; fileRef = 8392FDF528FE86F4009DED2E /* Main.storyboard */; };
		8392FDF928FE86F4009DED2E /* Assets.xcassets in Resources */ = {isa = PBXBuildFile; fileRef = 8392FDF828FE86F4009DED2E /* Assets.xcassets */; };
		8392FDFC28FE86F4009DED2E /* LaunchScreen.storyboard in Resources */ = {isa = PBXBuildFile; fileRef = 8392FDFA28FE86F4009DED2E /* LaunchScreen.storyboard */; };
		8392FE0428FE8B4E009DED2E /* TabBarViewController.swift in Sources */ = {isa = PBXBuildFile; fileRef = 8392FE0328FE8B4E009DED2E /* TabBarViewController.swift */; };
		8392FE0628FE8D4D009DED2E /* ContactListViewController.swift in Sources */ = {isa = PBXBuildFile; fileRef = 8392FE0528FE8D4D009DED2E /* ContactListViewController.swift */; };
		8392FE0828FE8E89009DED2E /* PersonListViewController.swift in Sources */ = {isa = PBXBuildFile; fileRef = 8392FE0728FE8E89009DED2E /* PersonListViewController.swift */; };
		8392FE0A28FEAA2D009DED2E /* Person.swift in Sources */ = {isa = PBXBuildFile; fileRef = 8392FE0928FEAA2D009DED2E /* Person.swift */; };
		8392FE0C28FEAA40009DED2E /* DataManager.swift in Sources */ = {isa = PBXBuildFile; fileRef = 8392FE0B28FEAA40009DED2E /* DataManager.swift */; };
/* End PBXBuildFile section */

/* Begin PBXFileReference section */
		8392FDEC28FE86F4009DED2E /* ContactList.app */ = {isa = PBXFileReference; explicitFileType = wrapper.application; includeInIndex = 0; path = ContactList.app; sourceTree = BUILT_PRODUCTS_DIR; };
		8392FDEF28FE86F4009DED2E /* AppDelegate.swift */ = {isa = PBXFileReference; lastKnownFileType = sourcecode.swift; path = AppDelegate.swift; sourceTree = "<group>"; };
		8392FDF128FE86F4009DED2E /* SceneDelegate.swift */ = {isa = PBXFileReference; lastKnownFileType = sourcecode.swift; path = SceneDelegate.swift; sourceTree = "<group>"; };
		8392FDF328FE86F4009DED2E /* ContactInfoViewController.swift */ = {isa = PBXFileReference; lastKnownFileType = sourcecode.swift; path = ContactInfoViewController.swift; sourceTree = "<group>"; };
		8392FDF628FE86F4009DED2E /* Base */ = {isa = PBXFileReference; lastKnownFileType = file.storyboard; name = Base; path = Base.lproj/Main.storyboard; sourceTree = "<group>"; };
		8392FDF828FE86F4009DED2E /* Assets.xcassets */ = {isa = PBXFileReference; lastKnownFileType = folder.assetcatalog; path = Assets.xcassets; sourceTree = "<group>"; };
		8392FDFB28FE86F4009DED2E /* Base */ = {isa = PBXFileReference; lastKnownFileType = file.storyboard; name = Base; path = Base.lproj/LaunchScreen.storyboard; sourceTree = "<group>"; };
		8392FDFD28FE86F4009DED2E /* Info.plist */ = {isa = PBXFileReference; lastKnownFileType = text.plist.xml; path = Info.plist; sourceTree = "<group>"; };
		8392FE0328FE8B4E009DED2E /* TabBarViewController.swift */ = {isa = PBXFileReference; lastKnownFileType = sourcecode.swift; path = TabBarViewController.swift; sourceTree = "<group>"; };
		8392FE0528FE8D4D009DED2E /* ContactListViewController.swift */ = {isa = PBXFileReference; lastKnownFileType = sourcecode.swift; path = ContactListViewController.swift; sourceTree = "<group>"; };
		8392FE0728FE8E89009DED2E /* PersonListViewController.swift */ = {isa = PBXFileReference; lastKnownFileType = sourcecode.swift; path = PersonListViewController.swift; sourceTree = "<group>"; };
		8392FE0928FEAA2D009DED2E /* Person.swift */ = {isa = PBXFileReference; lastKnownFileType = sourcecode.swift; path = Person.swift; sourceTree = "<group>"; };
		8392FE0B28FEAA40009DED2E /* DataManager.swift */ = {isa = PBXFileReference; lastKnownFileType = sourcecode.swift; path = DataManager.swift; sourceTree = "<group>"; };
/* End PBXFileReference section */

/* Begin PBXFrameworksBuildPhase section */
		8392FDE928FE86F4009DED2E /* Frameworks */ = {
			isa = PBXFrameworksBuildPhase;
			buildActionMask = 2147483647;
			files = (
			);
			runOnlyForDeploymentPostprocessing = 0;
		};
/* End PBXFrameworksBuildPhase section */

/* Begin PBXGroup section */
		8392FDE328FE86F4009DED2E = {
			isa = PBXGroup;
			children = (
				8392FDEE28FE86F4009DED2E /* ContactList */,
				8392FDED28FE86F4009DED2E /* Products */,
			);
			sourceTree = "<group>";
		};
		8392FDED28FE86F4009DED2E /* Products */ = {
			isa = PBXGroup;
			children = (
				8392FDEC28FE86F4009DED2E /* ContactList.app */,
			);
			name = Products;
			sourceTree = "<group>";
		};
		8392FDEE28FE86F4009DED2E /* ContactList */ = {
			isa = PBXGroup;
			children = (
				8392FE0F28FEACE7009DED2E /* App */,
				8392FE0E28FEAA50009DED2E /* Services */,
				8392FE0D28FEAA46009DED2E /* Models */,
				8392FE1128FEAD0B009DED2E /* ViewControllers */,
				8392FE1028FEACF1009DED2E /* Storyboard */,
				8392FDF828FE86F4009DED2E /* Assets.xcassets */,
			);
			path = ContactList;
			sourceTree = "<group>";
		};
		8392FE0D28FEAA46009DED2E /* Models */ = {
			isa = PBXGroup;
			children = (
				8392FE0928FEAA2D009DED2E /* Person.swift */,
			);
			path = Models;
			sourceTree = "<group>";
		};
		8392FE0E28FEAA50009DED2E /* Services */ = {
			isa = PBXGroup;
			children = (
				8392FE0B28FEAA40009DED2E /* DataManager.swift */,
			);
			path = Services;
			sourceTree = "<group>";
		};
		8392FE0F28FEACE7009DED2E /* App */ = {
			isa = PBXGroup;
			children = (
				8392FDEF28FE86F4009DED2E /* AppDelegate.swift */,
				8392FDF128FE86F4009DED2E /* SceneDelegate.swift */,
				8392FDFD28FE86F4009DED2E /* Info.plist */,
			);
			path = App;
			sourceTree = "<group>";
		};
		8392FE1028FEACF1009DED2E /* Storyboard */ = {
			isa = PBXGroup;
			children = (
				8392FDF528FE86F4009DED2E /* Main.storyboard */,
				8392FDFA28FE86F4009DED2E /* LaunchScreen.storyboard */,
			);
			path = Storyboard;
			sourceTree = "<group>";
		};
		8392FE1128FEAD0B009DED2E /* ViewControllers */ = {
			isa = PBXGroup;
			children = (
				8392FE0328FE8B4E009DED2E /* TabBarViewController.swift */,
				8392FE0528FE8D4D009DED2E /* ContactListViewController.swift */,
				8392FDF328FE86F4009DED2E /* ContactInfoViewController.swift */,
				8392FE0728FE8E89009DED2E /* PersonListViewController.swift */,
			);
			path = ViewControllers;
			sourceTree = "<group>";
		};
/* End PBXGroup section */

/* Begin PBXNativeTarget section */
		8392FDEB28FE86F4009DED2E /* ContactList */ = {
			isa = PBXNativeTarget;
			buildConfigurationList = 8392FE0028FE86F4009DED2E /* Build configuration list for PBXNativeTarget "ContactList" */;
			buildPhases = (
				8392FDE828FE86F4009DED2E /* Sources */,
				8392FDE928FE86F4009DED2E /* Frameworks */,
				8392FDEA28FE86F4009DED2E /* Resources */,
			);
			buildRules = (
			);
			dependencies = (
			);
			name = ContactList;
			productName = ContactList;
			productReference = 8392FDEC28FE86F4009DED2E /* ContactList.app */;
			productType = "com.apple.product-type.application";
		};
/* End PBXNativeTarget section */

/* Begin PBXProject section */
		8392FDE428FE86F4009DED2E /* Project object */ = {
			isa = PBXProject;
			attributes = {
				BuildIndependentTargetsInParallel = 1;
				LastSwiftUpdateCheck = 1400;
				LastUpgradeCheck = 1400;
				TargetAttributes = {
					8392FDEB28FE86F4009DED2E = {
						CreatedOnToolsVersion = 14.0;
					};
				};
			};
			buildConfigurationList = 8392FDE728FE86F4009DED2E /* Build configuration list for PBXProject "ContactList" */;
			compatibilityVersion = "Xcode 14.0";
			developmentRegion = en;
			hasScannedForEncodings = 0;
			knownRegions = (
				en,
				Base,
			);
			mainGroup = 8392FDE328FE86F4009DED2E;
			productRefGroup = 8392FDED28FE86F4009DED2E /* Products */;
			projectDirPath = "";
			projectRoot = "";
			targets = (
				8392FDEB28FE86F4009DED2E /* ContactList */,
			);
		};
/* End PBXProject section */

/* Begin PBXResourcesBuildPhase section */
		8392FDEA28FE86F4009DED2E /* Resources */ = {
			isa = PBXResourcesBuildPhase;
			buildActionMask = 2147483647;
			files = (
				8392FDFC28FE86F4009DED2E /* LaunchScreen.storyboard in Resources */,
				8392FDF928FE86F4009DED2E /* Assets.xcassets in Resources */,
				8392FDF728FE86F4009DED2E /* Main.storyboard in Resources */,
			);
			runOnlyForDeploymentPostprocessing = 0;
		};
/* End PBXResourcesBuildPhase section */

/* Begin PBXSourcesBuildPhase section */
		8392FDE828FE86F4009DED2E /* Sources */ = {
			isa = PBXSourcesBuildPhase;
			buildActionMask = 2147483647;
			files = (
				8392FE0428FE8B4E009DED2E /* TabBarViewController.swift in Sources */,
				8392FE0C28FEAA40009DED2E /* DataManager.swift in Sources */,
				8392FE0628FE8D4D009DED2E /* ContactListViewController.swift in Sources */,
				8392FDF428FE86F4009DED2E /* ContactInfoViewController.swift in Sources */,
				8392FE0828FE8E89009DED2E /* PersonListViewController.swift in Sources */,
				8392FE0A28FEAA2D009DED2E /* Person.swift in Sources */,
				8392FDF028FE86F4009DED2E /* AppDelegate.swift in Sources */,
				8392FDF228FE86F4009DED2E /* SceneDelegate.swift in Sources */,
			);
			runOnlyForDeploymentPostprocessing = 0;
		};
/* End PBXSourcesBuildPhase section */

/* Begin PBXVariantGroup section */
		8392FDF528FE86F4009DED2E /* Main.storyboard */ = {
			isa = PBXVariantGroup;
			children = (
				8392FDF628FE86F4009DED2E /* Base */,
			);
			name = Main.storyboard;
			sourceTree = "<group>";
		};
		8392FDFA28FE86F4009DED2E /* LaunchScreen.storyboard */ = {
			isa = PBXVariantGroup;
			children = (
				8392FDFB28FE86F4009DED2E /* Base */,
			);
			name = LaunchScreen.storyboard;
			sourceTree = "<group>";
		};
/* End PBXVariantGroup section */

/* Begin XCBuildConfiguration section */
		8392FDFE28FE86F4009DED2E /* Debug */ = {
			isa = XCBuildConfiguration;
			buildSettings = {
				ALWAYS_SEARCH_USER_PATHS = NO;
				CLANG_ANALYZER_NONNULL = YES;
				CLANG_ANALYZER_NUMBER_OBJECT_CONVERSION = YES_AGGRESSIVE;
				CLANG_CXX_LANGUAGE_STANDARD = "gnu++20";
				CLANG_ENABLE_MODULES = YES;
				CLANG_ENABLE_OBJC_ARC = YES;
				CLANG_ENABLE_OBJC_WEAK = YES;
				CLANG_WARN_BLOCK_CAPTURE_AUTORELEASING = YES;
				CLANG_WARN_BOOL_CONVERSION = YES;
				CLANG_WARN_COMMA = YES;
				CLANG_WARN_CONSTANT_CONVERSION = YES;
				CLANG_WARN_DEPRECATED_OBJC_IMPLEMENTATIONS = YES;
				CLANG_WARN_DIRECT_OBJC_ISA_USAGE = YES_ERROR;
				CLANG_WARN_DOCUMENTATION_COMMENTS = YES;
				CLANG_WARN_EMPTY_BODY = YES;
				CLANG_WARN_ENUM_CONVERSION = YES;
				CLANG_WARN_INFINITE_RECURSION = YES;
				CLANG_WARN_INT_CONVERSION = YES;
				CLANG_WARN_NON_LITERAL_NULL_CONVERSION = YES;
				CLANG_WARN_OBJC_IMPLICIT_RETAIN_SELF = YES;
				CLANG_WARN_OBJC_LITERAL_CONVERSION = YES;
				CLANG_WARN_OBJC_ROOT_CLASS = YES_ERROR;
				CLANG_WARN_QUOTED_INCLUDE_IN_FRAMEWORK_HEADER = YES;
				CLANG_WARN_RANGE_LOOP_ANALYSIS = YES;
				CLANG_WARN_STRICT_PROTOTYPES = YES;
				CLANG_WARN_SUSPICIOUS_MOVE = YES;
				CLANG_WARN_UNGUARDED_AVAILABILITY = YES_AGGRESSIVE;
				CLANG_WARN_UNREACHABLE_CODE = YES;
				CLANG_WARN__DUPLICATE_METHOD_MATCH = YES;
				COPY_PHASE_STRIP = NO;
				DEBUG_INFORMATION_FORMAT = dwarf;
				ENABLE_STRICT_OBJC_MSGSEND = YES;
				ENABLE_TESTABILITY = YES;
				GCC_C_LANGUAGE_STANDARD = gnu11;
				GCC_DYNAMIC_NO_PIC = NO;
				GCC_NO_COMMON_BLOCKS = YES;
				GCC_OPTIMIZATION_LEVEL = 0;
				GCC_PREPROCESSOR_DEFINITIONS = (
					"DEBUG=1",
					"$(inherited)",
				);
				GCC_WARN_64_TO_32_BIT_CONVERSION = YES;
				GCC_WARN_ABOUT_RETURN_TYPE = YES_ERROR;
				GCC_WARN_UNDECLARED_SELECTOR = YES;
				GCC_WARN_UNINITIALIZED_AUTOS = YES_AGGRESSIVE;
				GCC_WARN_UNUSED_FUNCTION = YES;
				GCC_WARN_UNUSED_VARIABLE = YES;
				IPHONEOS_DEPLOYMENT_TARGET = 16.0;
				MTL_ENABLE_DEBUG_INFO = INCLUDE_SOURCE;
				MTL_FAST_MATH = YES;
				ONLY_ACTIVE_ARCH = YES;
				SDKROOT = iphoneos;
				SWIFT_ACTIVE_COMPILATION_CONDITIONS = DEBUG;
				SWIFT_OPTIMIZATION_LEVEL = "-Onone";
			};
			name = Debug;
		};
		8392FDFF28FE86F4009DED2E /* Release */ = {
			isa = XCBuildConfiguration;
			buildSettings = {
				ALWAYS_SEARCH_USER_PATHS = NO;
				CLANG_ANALYZER_NONNULL = YES;
				CLANG_ANALYZER_NUMBER_OBJECT_CONVERSION = YES_AGGRESSIVE;
				CLANG_CXX_LANGUAGE_STANDARD = "gnu++20";
				CLANG_ENABLE_MODULES = YES;
				CLANG_ENABLE_OBJC_ARC = YES;
				CLANG_ENABLE_OBJC_WEAK = YES;
				CLANG_WARN_BLOCK_CAPTURE_AUTORELEASING = YES;
				CLANG_WARN_BOOL_CONVERSION = YES;
				CLANG_WARN_COMMA = YES;
				CLANG_WARN_CONSTANT_CONVERSION = YES;
				CLANG_WARN_DEPRECATED_OBJC_IMPLEMENTATIONS = YES;
				CLANG_WARN_DIRECT_OBJC_ISA_USAGE = YES_ERROR;
				CLANG_WARN_DOCUMENTATION_COMMENTS = YES;
				CLANG_WARN_EMPTY_BODY = YES;
				CLANG_WARN_ENUM_CONVERSION = YES;
				CLANG_WARN_INFINITE_RECURSION = YES;
				CLANG_WARN_INT_CONVERSION = YES;
				CLANG_WARN_NON_LITERAL_NULL_CONVERSION = YES;
				CLANG_WARN_OBJC_IMPLICIT_RETAIN_SELF = YES;
				CLANG_WARN_OBJC_LITERAL_CONVERSION = YES;
				CLANG_WARN_OBJC_ROOT_CLASS = YES_ERROR;
				CLANG_WARN_QUOTED_INCLUDE_IN_FRAMEWORK_HEADER = YES;
				CLANG_WARN_RANGE_LOOP_ANALYSIS = YES;
				CLANG_WARN_STRICT_PROTOTYPES = YES;
				CLANG_WARN_SUSPICIOUS_MOVE = YES;
				CLANG_WARN_UNGUARDED_AVAILABILITY = YES_AGGRESSIVE;
				CLANG_WARN_UNREACHABLE_CODE = YES;
				CLANG_WARN__DUPLICATE_METHOD_MATCH = YES;
				COPY_PHASE_STRIP = NO;
				DEBUG_INFORMATION_FORMAT = "dwarf-with-dsym";
				ENABLE_NS_ASSERTIONS = NO;
				ENABLE_STRICT_OBJC_MSGSEND = YES;
				GCC_C_LANGUAGE_STANDARD = gnu11;
				GCC_NO_COMMON_BLOCKS = YES;
				GCC_WARN_64_TO_32_BIT_CONVERSION = YES;
				GCC_WARN_ABOUT_RETURN_TYPE = YES_ERROR;
				GCC_WARN_UNDECLARED_SELECTOR = YES;
				GCC_WARN_UNINITIALIZED_AUTOS = YES_AGGRESSIVE;
				GCC_WARN_UNUSED_FUNCTION = YES;
				GCC_WARN_UNUSED_VARIABLE = YES;
				IPHONEOS_DEPLOYMENT_TARGET = 16.0;
				MTL_ENABLE_DEBUG_INFO = NO;
				MTL_FAST_MATH = YES;
				SDKROOT = iphoneos;
				SWIFT_COMPILATION_MODE = wholemodule;
				SWIFT_OPTIMIZATION_LEVEL = "-O";
				VALIDATE_PRODUCT = YES;
			};
			name = Release;
		};
		8392FE0128FE86F4009DED2E /* Debug */ = {
			isa = XCBuildConfiguration;
			buildSettings = {
				ASSETCATALOG_COMPILER_APPICON_NAME = AppIcon;
				ASSETCATALOG_COMPILER_GLOBAL_ACCENT_COLOR_NAME = AccentColor;
				CODE_SIGN_STYLE = Automatic;
				CURRENT_PROJECT_VERSION = 1;
				GENERATE_INFOPLIST_FILE = YES;
				INFOPLIST_FILE = ContactList/App/Info.plist;
				INFOPLIST_KEY_UIApplicationSupportsIndirectInputEvents = YES;
				INFOPLIST_KEY_UILaunchStoryboardName = LaunchScreen;
				INFOPLIST_KEY_UIMainStoryboardFile = Main;
				INFOPLIST_KEY_UISupportedInterfaceOrientations = UIInterfaceOrientationPortrait;
				INFOPLIST_KEY_UISupportedInterfaceOrientations_iPad = "UIInterfaceOrientationLandscapeLeft UIInterfaceOrientationLandscapeRight UIInterfaceOrientationPortrait UIInterfaceOrientationPortraitUpsideDown";
				IPHONEOS_DEPLOYMENT_TARGET = 15.5;
				LD_RUNPATH_SEARCH_PATHS = (
					"$(inherited)",
					"@executable_path/Frameworks",
				);
				MARKETING_VERSION = 1.0;
				PRODUCT_BUNDLE_IDENTIFIER = ru.swiftbook.ContactList;
				PRODUCT_NAME = "$(TARGET_NAME)";
				SUPPORTED_PLATFORMS = "iphoneos iphonesimulator";
				SUPPORTS_MACCATALYST = NO;
				SUPPORTS_MAC_DESIGNED_FOR_IPHONE_IPAD = NO;
				SWIFT_EMIT_LOC_STRINGS = YES;
				SWIFT_VERSION = 5.0;
				TARGETED_DEVICE_FAMILY = 1;
			};
			name = Debug;
		};
		8392FE0228FE86F4009DED2E /* Release */ = {
			isa = XCBuildConfiguration;
			buildSettings = {
				ASSETCATALOG_COMPILER_APPICON_NAME = AppIcon;
				ASSETCATALOG_COMPILER_GLOBAL_ACCENT_COLOR_NAME = AccentColor;
				CODE_SIGN_STYLE = Automatic;
				CURRENT_PROJECT_VERSION = 1;
				GENERATE_INFOPLIST_FILE = YES;
				INFOPLIST_FILE = ContactList/App/Info.plist;
				INFOPLIST_KEY_UIApplicationSupportsIndirectInputEvents = YES;
				INFOPLIST_KEY_UILaunchStoryboardName = LaunchScreen;
				INFOPLIST_KEY_UIMainStoryboardFile = Main;
				INFOPLIST_KEY_UISupportedInterfaceOrientations = UIInterfaceOrientationPortrait;
				INFOPLIST_KEY_UISupportedInterfaceOrientations_iPad = "UIInterfaceOrientationLandscapeLeft UIInterfaceOrientationLandscapeRight UIInterfaceOrientationPortrait UIInterfaceOrientationPortraitUpsideDown";
				IPHONEOS_DEPLOYMENT_TARGET = 15.5;
				LD_RUNPATH_SEARCH_PATHS = (
					"$(inherited)",
					"@executable_path/Frameworks",
				);
				MARKETING_VERSION = 1.0;
				PRODUCT_BUNDLE_IDENTIFIER = ru.swiftbook.ContactList;
				PRODUCT_NAME = "$(TARGET_NAME)";
				SUPPORTED_PLATFORMS = "iphoneos iphonesimulator";
				SUPPORTS_MACCATALYST = NO;
				SUPPORTS_MAC_DESIGNED_FOR_IPHONE_IPAD = NO;
				SWIFT_EMIT_LOC_STRINGS = YES;
				SWIFT_VERSION = 5.0;
				TARGETED_DEVICE_FAMILY = 1;
			};
			name = Release;
		};
/* End XCBuildConfiguration section */

/* Begin XCConfigurationList section */
		8392FDE728FE86F4009DED2E /* Build configuration list for PBXProject "ContactList" */ = {
			isa = XCConfigurationList;
			buildConfigurations = (
				8392FDFE28FE86F4009DED2E /* Debug */,
				8392FDFF28FE86F4009DED2E /* Release */,
			);
			defaultConfigurationIsVisible = 0;
			defaultConfigurationName = Release;
		};
		8392FE0028FE86F4009DED2E /* Build configuration list for PBXNativeTarget "ContactList" */ = {
			isa = XCConfigurationList;
			buildConfigurations = (
				8392FE0128FE86F4009DED2E /* Debug */,
				8392FE0228FE86F4009DED2E /* Release */,
			);
			defaultConfigurationIsVisible = 0;
			defaultConfigurationName = Release;
		};
/* End XCConfigurationList section */
	};
	rootObject = 8392FDE428FE86F4009DED2E /* Project object */;
}
